
Microsoft Visual Studio Solution File, Format Version 12.00
# Visual Studio Version 17
VisualStudioVersion = 17.0.31903.59
MinimumVisualStudioVersion = 10.0.40219.1
Project("{2150E333-8FDC-42A3-9474-1A3956D46DE8}") = "Gateway", "Gateway", "{E7BDDBC6-9FD1-D1D7-ACD8-2C4F8E3D2461}"
EndProject
Project("{FAE04EC0-301F-11D3-BF4B-00C04F79EFBC}") = "Intchain.Gateway", "Gateway\Intchain.Gateway.csproj", "{745C07E8-5A65-44AD-A741-258BAEBCCD8B}"
EndProject
Project("{2150E333-8FDC-42A3-9474-1A3956D46DE8}") = "Services", "Services", "{5854FF58-B8C5-05C6-5BF2-ACE42193F22B}"
EndProject
Project("{2150E333-8FDC-42A3-9474-1A3956D46DE8}") = "UserService", "UserService", "{BB9B0570-D764-F740-A1C1-3444BA1D5022}"
EndProject
Project("{FAE04EC0-301F-11D3-BF4B-00C04F79EFBC}") = "Intchain.UserService", "Services\UserService\Intchain.UserService.csproj", "{5F557B1D-907C-43A4-B46D-FFE42B2C7F5D}"
EndProject
Project("{2150E333-8FDC-42A3-9474-1A3956D46DE8}") = "OrderService", "OrderService", "{05772A79-6677-48D6-4812-5BDCDF485F71}"
EndProject
Project("{FAE04EC0-301F-11D3-BF4B-00C04F79EFBC}") = "Intchain.OrderService", "Services\OrderService\Intchain.OrderService.csproj", "{50DD10DB-4536-46B6-8C45-12031B4DFF19}"
EndProject
Project("{2150E333-8FDC-42A3-9474-1A3956D46DE8}") = "InventoryService", "InventoryService", "{BE20E719-B6B5-F723-937D-3652F6094FC5}"
EndProject
Project("{FAE04EC0-301F-11D3-BF4B-00C04F79EFBC}") = "Intchain.InventoryService", "Services\InventoryService\Intchain.InventoryService.csproj", "{787C628A-E97A-415F-875D-21232E775205}"
EndProject
Project("{2150E333-8FDC-42A3-9474-1A3956D46DE8}") = "ApprovalService", "ApprovalService", "{0C67DFE3-AD34-6723-2D83-42B5F6D09063}"
EndProject
Project("{FAE04EC0-301F-11D3-BF4B-00C04F79EFBC}") = "Intchain.ApprovalService", "Services\ApprovalService\Intchain.ApprovalService.csproj", "{2AE1C7CE-C5A0-4D31-A5A5-86D1160BD89C}"
EndProject
Project("{2150E333-8FDC-42A3-9474-1A3956D46DE8}") = "LogisticsService", "LogisticsService", "{8DA44C7B-7F2D-4B50-C90D-0AF95374D2AA}"
EndProject
Project("{FAE04EC0-301F-11D3-BF4B-00C04F79EFBC}") = "Intchain.LogisticsService", "Services\LogisticsService\Intchain.LogisticsService.csproj", "{E6CFC5E6-220B-4455-AE7E-32369CC16C93}"
EndProject
Project("{2150E333-8FDC-42A3-9474-1A3956D46DE8}") = "NotificationService", "NotificationService", "{74E836B4-46B0-66C7-E002-0B58C90F8616}"
EndProject
Project("{FAE04EC0-301F-11D3-BF4B-00C04F79EFBC}") = "Intchain.NotificationService", "Services\NotificationService\Intchain.NotificationService.csproj", "{6B47260A-BEEA-4423-A102-25EE6286C2EE}"
EndProject
Project("{2150E333-8FDC-42A3-9474-1A3956D46DE8}") = "Shared", "Shared", "{4F52FD11-658E-A102-6CD3-7D7C16FFA15B}"
EndProject
Project("{FAE04EC0-301F-11D3-BF4B-00C04F79EFBC}") = "Intchain.Shared", "Shared\Intchain.Shared.csproj", "{8FE62DFE-1C09-438B-BF9A-0EB9D056C405}"
EndProject
Global
	GlobalSection(SolutionConfigurationPlatforms) = preSolution
		Debug|Any CPU = Debug|Any CPU
		Debug|x64 = Debug|x64
		Debug|x86 = Debug|x86
		Release|Any CPU = Release|Any CPU
		Release|x64 = Release|x64
		Release|x86 = Release|x86
	EndGlobalSection
	GlobalSection(ProjectConfigurationPlatforms) = postSolution
		{745C07E8-5A65-44AD-A741-258BAEBCCD8B}.Debug|Any CPU.ActiveCfg = Debug|Any CPU
		{745C07E8-5A65-44AD-A741-258BAEBCCD8B}.Debug|Any CPU.Build.0 = Debug|Any CPU
		{745C07E8-5A65-44AD-A741-258BAEBCCD8B}.Debug|x64.ActiveCfg = Debug|Any CPU
		{745C07E8-5A65-44AD-A741-258BAEBCCD8B}.Debug|x64.Build.0 = Debug|Any CPU
		{745C07E8-5A65-44AD-A741-258BAEBCCD8B}.Debug|x86.ActiveCfg = Debug|Any CPU
		{745C07E8-5A65-44AD-A741-258BAEBCCD8B}.Debug|x86.Build.0 = Debug|Any CPU
		{745C07E8-5A65-44AD-A741-258BAEBCCD8B}.Release|Any CPU.ActiveCfg = Release|Any CPU
		{745C07E8-5A65-44AD-A741-258BAEBCCD8B}.Release|Any CPU.Build.0 = Release|Any CPU
		{745C07E8-5A65-44AD-A741-258BAEBCCD8B}.Release|x64.ActiveCfg = Release|Any CPU
		{745C07E8-5A65-44AD-A741-258BAEBCCD8B}.Release|x64.Build.0 = Release|Any CPU
		{745C07E8-5A65-44AD-A741-258BAEBCCD8B}.Release|x86.ActiveCfg = Release|Any CPU
		{745C07E8-5A65-44AD-A741-258BAEBCCD8B}.Release|x86.Build.0 = Release|Any CPU
		{5F557B1D-907C-43A4-B46D-FFE42B2C7F5D}.Debug|Any CPU.ActiveCfg = Debug|Any CPU
		{5F557B1D-907C-43A4-B46D-FFE42B2C7F5D}.Debug|Any CPU.Build.0 = Debug|Any CPU
		{5F557B1D-907C-43A4-B46D-FFE42B2C7F5D}.Debug|x64.ActiveCfg = Debug|Any CPU
		{5F557B1D-907C-43A4-B46D-FFE42B2C7F5D}.Debug|x64.Build.0 = Debug|Any CPU
		{5F557B1D-907C-43A4-B46D-FFE42B2C7F5D}.Debug|x86.ActiveCfg = Debug|Any CPU
		{5F557B1D-907C-43A4-B46D-FFE42B2C7F5D}.Debug|x86.Build.0 = Debug|Any CPU
		{5F557B1D-907C-43A4-B46D-FFE42B2C7F5D}.Release|Any CPU.ActiveCfg = Release|Any CPU
		{5F557B1D-907C-43A4-B46D-FFE42B2C7F5D}.Release|Any CPU.Build.0 = Release|Any CPU
		{5F557B1D-907C-43A4-B46D-FFE42B2C7F5D}.Release|x64.ActiveCfg = Release|Any CPU
		{5F557B1D-907C-43A4-B46D-FFE42B2C7F5D}.Release|x64.Build.0 = Release|Any CPU
		{5F557B1D-907C-43A4-B46D-FFE42B2C7F5D}.Release|x86.ActiveCfg = Release|Any CPU
		{5F557B1D-907C-43A4-B46D-FFE42B2C7F5D}.Release|x86.Build.0 = Release|Any CPU
		{50DD10DB-4536-46B6-8C45-12031B4DFF19}.Debug|Any CPU.ActiveCfg = Debug|Any CPU
		{50DD10DB-4536-46B6-8C45-12031B4DFF19}.Debug|Any CPU.Build.0 = Debug|Any CPU
		{50DD10DB-4536-46B6-8C45-12031B4DFF19}.Debug|x64.ActiveCfg = Debug|Any CPU
		{50DD10DB-4536-46B6-8C45-12031B4DFF19}.Debug|x64.Build.0 = Debug|Any CPU
		{50DD10DB-4536-46B6-8C45-12031B4DFF19}.Debug|x86.ActiveCfg = Debug|Any CPU
		{50DD10DB-4536-46B6-8C45-12031B4DFF19}.Debug|x86.Build.0 = Debug|Any CPU
		{50DD10DB-4536-46B6-8C45-12031B4DFF19}.Release|Any CPU.ActiveCfg = Release|Any CPU
		{50DD10DB-4536-46B6-8C45-12031B4DFF19}.Release|Any CPU.Build.0 = Release|Any CPU
		{50DD10DB-4536-46B6-8C45-12031B4DFF19}.Release|x64.ActiveCfg = Release|Any CPU
		{50DD10DB-4536-46B6-8C45-12031B4DFF19}.Release|x64.Build.0 = Release|Any CPU
		{50DD10DB-4536-46B6-8C45-12031B4DFF19}.Release|x86.ActiveCfg = Release|Any CPU
		{50DD10DB-4536-46B6-8C45-12031B4DFF19}.Release|x86.Build.0 = Release|Any CPU
		{787C628A-E97A-415F-875D-21232E775205}.Debug|Any CPU.ActiveCfg = Debug|Any CPU
		{787C628A-E97A-415F-875D-21232E775205}.Debug|Any CPU.Build.0 = Debug|Any CPU
		{787C628A-E97A-415F-875D-21232E775205}.Debug|x64.ActiveCfg = Debug|Any CPU
		{787C628A-E97A-415F-875D-21232E775205}.Debug|x64.Build.0 = Debug|Any CPU
		{787C628A-E97A-415F-875D-21232E775205}.Debug|x86.ActiveCfg = Debug|Any CPU
		{787C628A-E97A-415F-875D-21232E775205}.Debug|x86.Build.0 = Debug|Any CPU
		{787C628A-E97A-415F-875D-21232E775205}.Release|Any CPU.ActiveCfg = Release|Any CPU
		{787C628A-E97A-415F-875D-21232E775205}.Release|Any CPU.Build.0 = Release|Any CPU
		{787C628A-E97A-415F-875D-21232E775205}.Release|x64.ActiveCfg = Release|Any CPU
		{787C628A-E97A-415F-875D-21232E775205}.Release|x64.Build.0 = Release|Any CPU
		{787C628A-E97A-415F-875D-21232E775205}.Release|x86.ActiveCfg = Release|Any CPU
		{787C628A-E97A-415F-875D-21232E775205}.Release|x86.Build.0 = Release|Any CPU
		{2AE1C7CE-C5A0-4D31-A5A5-86D1160BD89C}.Debug|Any CPU.ActiveCfg = Debug|Any CPU
		{2AE1C7CE-C5A0-4D31-A5A5-86D1160BD89C}.Debug|Any CPU.Build.0 = Debug|Any CPU
		{2AE1C7CE-C5A0-4D31-A5A5-86D1160BD89C}.Debug|x64.ActiveCfg = Debug|Any CPU
		{2AE1C7CE-C5A0-4D31-A5A5-86D1160BD89C}.Debug|x64.Build.0 = Debug|Any CPU
		{2AE1C7CE-C5A0-4D31-A5A5-86D1160BD89C}.Debug|x86.ActiveCfg = Debug|Any CPU
		{2AE1C7CE-C5A0-4D31-A5A5-86D1160BD89C}.Debug|x86.Build.0 = Debug|Any CPU
		{2AE1C7CE-C5A0-4D31-A5A5-86D1160BD89C}.Release|Any CPU.ActiveCfg = Release|Any CPU
		{2AE1C7CE-C5A0-4D31-A5A5-86D1160BD89C}.Release|Any CPU.Build.0 = Release|Any CPU
		{2AE1C7CE-C5A0-4D31-A5A5-86D1160BD89C}.Release|x64.ActiveCfg = Release|Any CPU
		{2AE1C7CE-C5A0-4D31-A5A5-86D1160BD89C}.Release|x64.Build.0 = Release|Any CPU
		{2AE1C7CE-C5A0-4D31-A5A5-86D1160BD89C}.Release|x86.ActiveCfg = Release|Any CPU
		{2AE1C7CE-C5A0-4D31-A5A5-86D1160BD89C}.Release|x86.Build.0 = Release|Any CPU
		{E6CFC5E6-220B-4455-AE7E-32369CC16C93}.Debug|Any CPU.ActiveCfg = Debug|Any CPU
		{E6CFC5E6-220B-4455-AE7E-32369CC16C93}.Debug|Any CPU.Build.0 = Debug|Any CPU
		{E6CFC5E6-220B-4455-AE7E-32369CC16C93}.Debug|x64.ActiveCfg = Debug|Any CPU
		{E6CFC5E6-220B-4455-AE7E-32369CC16C93}.Debug|x64.Build.0 = Debug|Any CPU
		{E6CFC5E6-220B-4455-AE7E-32369CC16C93}.Debug|x86.ActiveCfg = Debug|Any CPU
		{E6CFC5E6-220B-4455-AE7E-32369CC16C93}.Debug|x86.Build.0 = Debug|Any CPU
		{E6CFC5E6-220B-4455-AE7E-32369CC16C93}.Release|Any CPU.ActiveCfg = Release|Any CPU
		{E6CFC5E6-220B-4455-AE7E-32369CC16C93}.Release|Any CPU.Build.0 = Release|Any CPU
		{E6CFC5E6-220B-4455-AE7E-32369CC16C93}.Release|x64.ActiveCfg = Release|Any CPU
		{E6CFC5E6-220B-4455-AE7E-32369CC16C93}.Release|x64.Build.0 = Release|Any CPU
		{E6CFC5E6-220B-4455-AE7E-32369CC16C93}.Release|x86.ActiveCfg = Release|Any CPU
		{E6CFC5E6-220B-4455-AE7E-32369CC16C93}.Release|x86.Build.0 = Release|Any CPU
		{6B47260A-BEEA-4423-A102-25EE6286C2EE}.Debug|Any CPU.ActiveCfg = Debug|Any CPU
		{6B47260A-BEEA-4423-A102-25EE6286C2EE}.Debug|Any CPU.Build.0 = Debug|Any CPU
		{6B47260A-BEEA-4423-A102-25EE6286C2EE}.Debug|x64.ActiveCfg = Debug|Any CPU
		{6B47260A-BEEA-4423-A102-25EE6286C2EE}.Debug|x64.Build.0 = Debug|Any CPU
		{6B47260A-BEEA-4423-A102-25EE6286C2EE}.Debug|x86.ActiveCfg = Debug|Any CPU
		{6B47260A-BEEA-4423-A102-25EE6286C2EE}.Debug|x86.Build.0 = Debug|Any CPU
		{6B47260A-BEEA-4423-A102-25EE6286C2EE}.Release|Any CPU.ActiveCfg = Release|Any CPU
		{6B47260A-BEEA-4423-A102-25EE6286C2EE}.Release|Any CPU.Build.0 = Release|Any CPU
		{6B47260A-BEEA-4423-A102-25EE6286C2EE}.Release|x64.ActiveCfg = Release|Any CPU
		{6B47260A-BEEA-4423-A102-25EE6286C2EE}.Release|x64.Build.0 = Release|Any CPU
		{6B47260A-BEEA-4423-A102-25EE6286C2EE}.Release|x86.ActiveCfg = Release|Any CPU
		{6B47260A-BEEA-4423-A102-25EE6286C2EE}.Release|x86.Build.0 = Release|Any CPU
		{8FE62DFE-1C09-438B-BF9A-0EB9D056C405}.Debug|Any CPU.ActiveCfg = Debug|Any CPU
		{8FE62DFE-1C09-438B-BF9A-0EB9D056C405}.Debug|Any CPU.Build.0 = Debug|Any CPU
		{8FE62DFE-1C09-438B-BF9A-0EB9D056C405}.Debug|x64.ActiveCfg = Debug|Any CPU
		{8FE62DFE-1C09-438B-BF9A-0EB9D056C405}.Debug|x64.Build.0 = Debug|Any CPU
		{8FE62DFE-1C09-438B-BF9A-0EB9D056C405}.Debug|x86.ActiveCfg = Debug|Any CPU
		{8FE62DFE-1C09-438B-BF9A-0EB9D056C405}.Debug|x86.Build.0 = Debug|Any CPU
		{8FE62DFE-1C09-438B-BF9A-0EB9D056C405}.Release|Any CPU.ActiveCfg = Release|Any CPU
		{8FE62DFE-1C09-438B-BF9A-0EB9D056C405}.Release|Any CPU.Build.0 = Release|Any CPU
		{8FE62DFE-1C09-438B-BF9A-0EB9D056C405}.Release|x64.ActiveCfg = Release|Any CPU
		{8FE62DFE-1C09-438B-BF9A-0EB9D056C405}.Release|x64.Build.0 = Release|Any CPU
		{8FE62DFE-1C09-438B-BF9A-0EB9D056C405}.Release|x86.ActiveCfg = Release|Any CPU
		{8FE62DFE-1C09-438B-BF9A-0EB9D056C405}.Release|x86.Build.0 = Release|Any CPU
	EndGlobalSection
	GlobalSection(SolutionProperties) = preSolution
		HideSolutionNode = FALSE
	EndGlobalSection
	GlobalSection(NestedProjects) = preSolution
		{745C07E8-5A65-44AD-A741-258BAEBCCD8B} = {E7BDDBC6-9FD1-D1D7-ACD8-2C4F8E3D2461}
		{BB9B0570-D764-F740-A1C1-3444BA1D5022} = {5854FF58-B8C5-05C6-5BF2-ACE42193F22B}
		{5F557B1D-907C-43A4-B46D-FFE42B2C7F5D} = {BB9B0570-D764-F740-A1C1-3444BA1D5022}
		{05772A79-6677-48D6-4812-5BDCDF485F71} = {5854FF58-B8C5-05C6-5BF2-ACE42193F22B}
		{50DD10DB-4536-46B6-8C45-12031B4DFF19} = {05772A79-6677-48D6-4812-5BDCDF485F71}
		{BE20E719-B6B5-F723-937D-3652F6094FC5} = {5854FF58-B8C5-05C6-5BF2-ACE42193F22B}
		{787C628A-E97A-415F-875D-21232E775205} = {BE20E719-B6B5-F723-937D-3652F6094FC5}
		{0C67DFE3-AD34-6723-2D83-42B5F6D09063} = {5854FF58-B8C5-05C6-5BF2-ACE42193F22B}
		{2AE1C7CE-C5A0-4D31-A5A5-86D1160BD89C} = {0C67DFE3-AD34-6723-2D83-42B5F6D09063}
		{8DA44C7B-7F2D-4B50-C90D-0AF95374D2AA} = {5854FF58-B8C5-05C6-5BF2-ACE42193F22B}
		{E6CFC5E6-220B-4455-AE7E-32369CC16C93} = {8DA44C7B-7F2D-4B50-C90D-0AF95374D2AA}
		{74E836B4-46B0-66C7-E002-0B58C90F8616} = {5854FF58-B8C5-05C6-5BF2-ACE42193F22B}
		{6B47260A-BEEA-4423-A102-25EE6286C2EE} = {74E836B4-46B0-66C7-E002-0B58C90F8616}
		{8FE62DFE-1C09-438B-BF9A-0EB9D056C405} = {4F52FD11-658E-A102-6CD3-7D7C16FFA15B}
	EndGlobalSection
EndGlobal
